# THIS IS AN AUTOGENERATED FILE. DO NOT EDIT THIS FILE DIRECTLY.
# yarn lockfile v1


"@shopify/admin-api-client@^0.2.2":
  version "0.2.2"
  resolved "https://registry.npmjs.org/@shopify/admin-api-client/-/admin-api-client-0.2.2.tgz"
  integrity sha512-7x79Ras5gbf7U3oVBjFIPF70WUUit3kLF93IMhtTaC9OJ/b9NIeW1w4/+RSJq3FM/7MGQGUkyrrnuNI3nl3Eig==
  dependencies:
    "@shopify/graphql-client" "^0.9.2"

"@shopify/graphql-client@^0.9.2":
  version "0.9.2"
  resolved "https://registry.npmjs.org/@shopify/graphql-client/-/graphql-client-0.9.2.tgz"
  integrity sha512-Xk7bPA3UsLXFHV6F39t5g8dTVxqPagwJoR+MLYUvCuhlWpDeZW3f/OcgShXPPben5NcnOVV38kj5GVlkvrWqiQ==

"@shopify/network@^3.2.1":
  version "3.2.1"
  resolved "https://registry.npmjs.org/@shopify/network/-/network-3.2.1.tgz"
  integrity sha512-Ih/6Oe80dynlUsRfEqptWBfsySCqI0rjQvPAjS8HuWeK9nZ+TvmYScfxjucKXZ2deXwAClnU6SMdh3/B1lMMog==

"@shopify/shopify-api@^9.0.2":
  version "9.0.2"
  resolved "https://registry.npmjs.org/@shopify/shopify-api/-/shopify-api-9.0.2.tgz"
  integrity sha512-ZOnzDein63JMatQAYshg2RyBXcseBUTP8stbrwG/FwDhWqNafxMC2O8AcoIGoaNc1SoRYbWpxCbwkeO/CrW7Vg==
  dependencies:
    "@shopify/admin-api-client" "^0.2.2"
    "@shopify/network" "^3.2.1"
    "@shopify/storefront-api-client" "^0.2.2"
    compare-versions "^5.0.3"
    isbot "^3.6.10"
    jose "^4.9.1"
    node-fetch "^2.6.1"
    tslib "^2.0.3"
    uuid "^9.0.0"

"@shopify/storefront-api-client@^0.2.2":
  version "0.2.2"
  resolved "https://registry.npmjs.org/@shopify/storefront-api-client/-/storefront-api-client-0.2.2.tgz"
  integrity sha512-sPpbXEGYbCRQ1jvwdEMtrutUTLmwtrZ30nHBLuKLIgtezFmhuvF5/FD/hgPQCxWxEukZt8518gAVgE6p+9D8ig==
  dependencies:
    "@shopify/graphql-client" "^0.9.2"

compare-versions@^5.0.3:
  version "5.0.3"
  resolved "https://registry.npmjs.org/compare-versions/-/compare-versions-5.0.3.tgz"
  integrity sha512-4UZlZP8Z99MGEY+Ovg/uJxJuvoXuN4M6B3hKaiackiHrgzQFEe3diJi1mf1PNHbFujM7FvLrK2bpgIaImbtZ1A==

isbot@^3.6.10:
  version "3.8.0"
  resolved "https://registry.npmjs.org/isbot/-/isbot-3.8.0.tgz"
  integrity sha512-vne1mzQUTR+qsMLeCBL9+/tgnDXRyc2pygLGl/WsgA+EZKIiB5Ehu0CiVTHIIk30zhJ24uGz4M5Ppse37aR0Hg==

jose@^4.9.1:
  version "4.15.4"
  resolved "https://registry.npmjs.org/jose/-/jose-4.15.4.tgz"
  integrity sha512-W+oqK4H+r5sITxfxpSU+MMdr/YSWGvgZMQDIsNoBDGGy4i7GBPTtvFKibQzW06n3U3TqHjhvBJsirShsEJ6eeQ==

node-fetch@^2.6.1:
  version "2.7.0"
  resolved "https://registry.npmjs.org/node-fetch/-/node-fetch-2.7.0.tgz"
  integrity sha512-c4FRfUm/dbcWZ7U+1Wq0AwCyFL+3nt2bEw05wfxSz+DWpWsitgmSgYmy2dQdWyKC1694ELPqMs/YzUSNozLt8A==
  dependencies:
    whatwg-url "^5.0.0"

tr46@~0.0.3:
  version "0.0.3"
  resolved "https://registry.npmjs.org/tr46/-/tr46-0.0.3.tgz"
  integrity sha512-N3WMsuqV66lT30CrXNbEjx4GEwlow3v6rr4mCcv6prnfwhS01rkgyFdjPNBYd9br7LpXV1+Emh01fHnq2Gdgrw==

tslib@^2.0.3:
  version "2.6.2"
  resolved "https://registry.npmjs.org/tslib/-/tslib-2.6.2.tgz"
  integrity sha512-AEYxH93jGFPn/a2iVAwW87VuUIkR1FVUKB77NwMF7nBTDkDrrT/Hpt/IrCJ0QXhW27jTBDcf5ZY7w6RiqTMw2Q==

uuid@^9.0.0:
  version "9.0.1"
  resolved "https://registry.npmjs.org/uuid/-/uuid-9.0.1.tgz"
  integrity sha512-b+1eJOlsR9K8HJpow9Ok3fiWOWSIcIzXodvv0rQjVoOVNpWMpxf1wZNpt4y9h10odCNrqnYp1OBzRktckBe3sA==

webidl-conversions@^3.0.0:
  version "3.0.1"
  resolved "https://registry.npmjs.org/webidl-conversions/-/webidl-conversions-3.0.1.tgz"
  integrity sha512-2JAn3z8AR6rjK8Sm8orRC0h/bcl/DqL7tRPdGZ4I1CjdF+EaMLmYxBHyXuKL849eucPFhvBoxMsflfOb8kxaeQ==

whatwg-url@^5.0.0:
  version "5.0.0"
  resolved "https://registry.npmjs.org/whatwg-url/-/whatwg-url-5.0.0.tgz"
  integrity sha512-saE57nupxk6v3HY35+jzBwYa0rKSy0XR8JSxZPwgLr7ys0IBzhGviA1/TUGJLmSVqs8pb9AnvICXEuOHLprYTw==
  dependencies:
    tr46 "~0.0.3"
    webidl-conversions "^3.0.0"
